// !$*UTF8*$!
{
	archiveVersion = 1;
	classes = {
	};
	objectVersion = 50;
	objects = {

/* Begin PBXBuildFile section */
		1AB8FF0A2189D65A00DF27BF /* AppDelegate.swift in Sources */ = {isa = PBXBuildFile; fileRef = 1AB8FF092189D65A00DF27BF /* AppDelegate.swift */; };
		1AB8FF0C2189D65A00DF27BF /* FirstViewController.swift in Sources */ = {isa = PBXBuildFile; fileRef = 1AB8FF0B2189D65A00DF27BF /* FirstViewController.swift */; };
		1AB8FF0E2189D65A00DF27BF /* SecondViewController.swift in Sources */ = {isa = PBXBuildFile; fileRef = 1AB8FF0D2189D65A00DF27BF /* SecondViewController.swift */; };
		1AB8FF112189D65A00DF27BF /* Main.storyboard in Resources */ = {isa = PBXBuildFile; fileRef = 1AB8FF0F2189D65A00DF27BF /* Main.storyboard */; };
		1AB8FF132189D65C00DF27BF /* Assets.xcassets in Resources */ = {isa = PBXBuildFile; fileRef = 1AB8FF122189D65C00DF27BF /* Assets.xcassets */; };
		1AB8FF162189D65C00DF27BF /* LaunchScreen.storyboard in Resources */ = {isa = PBXBuildFile; fileRef = 1AB8FF142189D65C00DF27BF /* LaunchScreen.storyboard */; };
		1AB8FF212189D65C00DF27BF /* ScreendsTests.swift in Sources */ = {isa = PBXBuildFile; fileRef = 1AB8FF202189D65C00DF27BF /* ScreendsTests.swift */; };
		1AB8FF2C2189D65C00DF27BF /* ScreendsUITests.swift in Sources */ = {isa = PBXBuildFile; fileRef = 1AB8FF2B2189D65C00DF27BF /* ScreendsUITests.swift */; };
/* End PBXBuildFile section */

/* Begin PBXContainerItemProxy section */
		1AB8FF1D2189D65C00DF27BF /* PBXContainerItemProxy */ = {
			isa = PBXContainerItemProxy;
			containerPortal = 1AB8FEFE2189D65A00DF27BF /* Project object */;
			proxyType = 1;
			remoteGlobalIDString = 1AB8FF052189D65A00DF27BF;
			remoteInfo = Screends;
		};
		1AB8FF282189D65C00DF27BF /* PBXContainerItemProxy */ = {
			isa = PBXContainerItemProxy;
			containerPortal = 1AB8FEFE2189D65A00DF27BF /* Project object */;
			proxyType = 1;
			remoteGlobalIDString = 1AB8FF052189D65A00DF27BF;
			remoteInfo = Screends;
		};
/* End PBXContainerItemProxy section */

/* Begin PBXFileReference section */
		1AB8FF062189D65A00DF27BF /* Screends.app */ = {isa = PBXFileReference; explicitFileType = wrapper.application; includeInIndex = 0; path = Screends.app; sourceTree = BUILT_PRODUCTS_DIR; };
		1AB8FF092189D65A00DF27BF /* AppDelegate.swift */ = {isa = PBXFileReference; lastKnownFileType = sourcecode.swift; path = AppDelegate.swift; sourceTree = "<group>"; };
		1AB8FF0B2189D65A00DF27BF /* FirstViewController.swift */ = {isa = PBXFileReference; lastKnownFileType = sourcecode.swift; path = FirstViewController.swift; sourceTree = "<group>"; };
		1AB8FF0D2189D65A00DF27BF /* SecondViewController.swift */ = {isa = PBXFileReference; lastKnownFileType = sourcecode.swift; path = SecondViewController.swift; sourceTree = "<group>"; };
		1AB8FF102189D65A00DF27BF /* Base */ = {isa = PBXFileReference; lastKnownFileType = file.storyboard; name = Base; path = Base.lproj/Main.storyboard; sourceTree = "<group>"; };
		1AB8FF122189D65C00DF27BF /* Assets.xcassets */ = {isa = PBXFileReference; lastKnownFileType = folder.assetcatalog; path = Assets.xcassets; sourceTree = "<group>"; };
		1AB8FF152189D65C00DF27BF /* Base */ = {isa = PBXFileReference; lastKnownFileType = file.storyboard; name = Base; path = Base.lproj/LaunchScreen.storyboard; sourceTree = "<group>"; };
		1AB8FF172189D65C00DF27BF /* Info.plist */ = {isa = PBXFileReference; lastKnownFileType = text.plist.xml; path = Info.plist; sourceTree = "<group>"; };
		1AB8FF1C2189D65C00DF27BF /* ScreendsTests.xctest */ = {isa = PBXFileReference; explicitFileType = wrapper.cfbundle; includeInIndex = 0; path = ScreendsTests.xctest; sourceTree = BUILT_PRODUCTS_DIR; };
		1AB8FF202189D65C00DF27BF /* ScreendsTests.swift */ = {isa = PBXFileReference; lastKnownFileType = sourcecode.swift; path = ScreendsTests.swift; sourceTree = "<group>"; };
		1AB8FF222189D65C00DF27BF /* Info.plist */ = {isa = PBXFileReference; lastKnownFileType = text.plist.xml; path = Info.plist; sourceTree = "<group>"; };
		1AB8FF272189D65C00DF27BF /* ScreendsUITests.xctest */ = {isa = PBXFileReference; explicitFileType = wrapper.cfbundle; includeInIndex = 0; path = ScreendsUITests.xctest; sourceTree = BUILT_PRODUCTS_DIR; };
		1AB8FF2B2189D65C00DF27BF /* ScreendsUITests.swift */ = {isa = PBXFileReference; lastKnownFileType = sourcecode.swift; path = ScreendsUITests.swift; sourceTree = "<group>"; };
		1AB8FF2D2189D65C00DF27BF /* Info.plist */ = {isa = PBXFileReference; lastKnownFileType = text.plist.xml; path = Info.plist; sourceTree = "<group>"; };
/* End PBXFileReference section */

/* Begin PBXFrameworksBuildPhase section */
		1AB8FF032189D65A00DF27BF /* Frameworks */ = {
			isa = PBXFrameworksBuildPhase;
			buildActionMask = 2147483647;
			files = (
			);
			runOnlyForDeploymentPostprocessing = 0;
		};
		1AB8FF192189D65C00DF27BF /* Frameworks */ = {
			isa = PBXFrameworksBuildPhase;
			buildActionMask = 2147483647;
			files = (
			);
			runOnlyForDeploymentPostprocessing = 0;
		};
		1AB8FF242189D65C00DF27BF /* Frameworks */ = {
			isa = PBXFrameworksBuildPhase;
			buildActionMask = 2147483647;
			files = (
			);
			runOnlyForDeploymentPostprocessing = 0;
		};
/* End PBXFrameworksBuildPhase section */

/* Begin PBXGroup section */
		1AB8FEFD2189D65A00DF27BF = {
			isa = PBXGroup;
			children = (
				1AB8FF082189D65A00DF27BF /* Screends */,
				1AB8FF1F2189D65C00DF27BF /* ScreendsTests */,
				1AB8FF2A2189D65C00DF27BF /* ScreendsUITests */,
				1AB8FF072189D65A00DF27BF /* Products */,
			);
			sourceTree = "<group>";
		};
		1AB8FF072189D65A00DF27BF /* Products */ = {
			isa = PBXGroup;
			children = (
				1AB8FF062189D65A00DF27BF /* Screends.app */,
				1AB8FF1C2189D65C00DF27BF /* ScreendsTests.xctest */,
				1AB8FF272189D65C00DF27BF /* ScreendsUITests.xctest */,
			);
			name = Products;
			sourceTree = "<group>";
		};
		1AB8FF082189D65A00DF27BF /* Screends */ = {
			isa = PBXGroup;
			children = (
				1AB8FF092189D65A00DF27BF /* AppDelegate.swift */,
				1AB8FF0B2189D65A00DF27BF /* FirstViewController.swift */,
				1AB8FF0D2189D65A00DF27BF /* SecondViewController.swift */,
				1AB8FF0F2189D65A00DF27BF /* Main.storyboard */,
				1AB8FF122189D65C00DF27BF /* Assets.xcassets */,
				1AB8FF142189D65C00DF27BF /* LaunchScreen.storyboard */,
				1AB8FF172189D65C00DF27BF /* Info.plist */,
			);
			path = Screends;
			sourceTree = "<group>";
		};
		1AB8FF1F2189D65C00DF27BF /* ScreendsTests */ = {
			isa = PBXGroup;
			children = (
				1AB8FF202189D65C00DF27BF /* ScreendsTests.swift */,
				1AB8FF222189D65C00DF27BF /* Info.plist */,
			);
			path = ScreendsTests;
			sourceTree = "<group>";
		};
		1AB8FF2A2189D65C00DF27BF /* ScreendsUITests */ = {
			isa = PBXGroup;
			children = (
				1AB8FF2B2189D65C00DF27BF /* ScreendsUITests.swift */,
				1AB8FF2D2189D65C00DF27BF /* Info.plist */,
			);
			path = ScreendsUITests;
			sourceTree = "<group>";
		};
/* End PBXGroup section */

/* Begin PBXNativeTarget section */
		1AB8FF052189D65A00DF27BF /* Screends */ = {
			isa = PBXNativeTarget;
			buildConfigurationList = 1AB8FF302189D65C00DF27BF /* Build configuration list for PBXNativeTarget "Screends" */;
			buildPhases = (
				1AB8FF022189D65A00DF27BF /* Sources */,
				1AB8FF032189D65A00DF27BF /* Frameworks */,
				1AB8FF042189D65A00DF27BF /* Resources */,
			);
			buildRules = (
			);
			dependencies = (
			);
			name = Screends;
			productName = Screends;
			productReference = 1AB8FF062189D65A00DF27BF /* Screends.app */;
			productType = "com.apple.product-type.application";
		};
		1AB8FF1B2189D65C00DF27BF /* ScreendsTests */ = {
			isa = PBXNativeTarget;
			buildConfigurationList = 1AB8FF332189D65C00DF27BF /* Build configuration list for PBXNativeTarget "ScreendsTests" */;
			buildPhases = (
				1AB8FF182189D65C00DF27BF /* Sources */,
				1AB8FF192189D65C00DF27BF /* Frameworks */,
				1AB8FF1A2189D65C00DF27BF /* Resources */,
			);
			buildRules = (
			);
			dependencies = (
				1AB8FF1E2189D65C00DF27BF /* PBXTargetDependency */,
			);
			name = ScreendsTests;
			productName = ScreendsTests;
			productReference = 1AB8FF1C2189D65C00DF27BF /* ScreendsTests.xctest */;
			productType = "com.apple.product-type.bundle.unit-test";
		};
		1AB8FF262189D65C00DF27BF /* ScreendsUITests */ = {
			isa = PBXNativeTarget;
			buildConfigurationList = 1AB8FF362189D65C00DF27BF /* Build configuration list for PBXNativeTarget "ScreendsUITests" */;
			buildPhases = (
				1AB8FF232189D65C00DF27BF /* Sources */,
				1AB8FF242189D65C00DF27BF /* Frameworks */,
				1AB8FF252189D65C00DF27BF /* Resources */,
			);
			buildRules = (
			);
			dependencies = (
				1AB8FF292189D65C00DF27BF /* PBXTargetDependency */,
			);
			name = ScreendsUITests;
			productName = ScreendsUITests;
			productReference = 1AB8FF272189D65C00DF27BF /* ScreendsUITests.xctest */;
			productType = "com.apple.product-type.bundle.ui-testing";
		};
/* End PBXNativeTarget section */

/* Begin PBXProject section */
		1AB8FEFE2189D65A00DF27BF /* Project object */ = {
			isa = PBXProject;
			attributes = {
				LastSwiftUpdateCheck = 1010;
				LastUpgradeCheck = 1010;
				ORGANIZATIONNAME = "Peter Grace";
				TargetAttributes = {
					1AB8FF052189D65A00DF27BF = {
						CreatedOnToolsVersion = 10.1;
					};
					1AB8FF1B2189D65C00DF27BF = {
						CreatedOnToolsVersion = 10.1;
						TestTargetID = 1AB8FF052189D65A00DF27BF;
					};
					1AB8FF262189D65C00DF27BF = {
						CreatedOnToolsVersion = 10.1;
						TestTargetID = 1AB8FF052189D65A00DF27BF;
					};
				};
			};
			buildConfigurationList = 1AB8FF012189D65A00DF27BF /* Build configuration list for PBXProject "Screends" */;
			compatibilityVersion = "Xcode 9.3";
			developmentRegion = en;
			hasScannedForEncodings = 0;
			knownRegions = (
				en,
				Base,
			);
			mainGroup = 1AB8FEFD2189D65A00DF27BF;
			productRefGroup = 1AB8FF072189D65A00DF27BF /* Products */;
			projectDirPath = "";
			projectRoot = "";
			targets = (
				1AB8FF052189D65A00DF27BF /* Screends */,
				1AB8FF1B2189D65C00DF27BF /* ScreendsTests */,
				1AB8FF262189D65C00DF27BF /* ScreendsUITests */,
			);
		};
/* End PBXProject section */

/* Begin PBXResourcesBuildPhase section */
		1AB8FF042189D65A00DF27BF /* Resources */ = {
			isa = PBXResourcesBuildPhase;
			buildActionMask = 2147483647;
			files = (
				1AB8FF162189D65C00DF27BF /* LaunchScreen.storyboard in Resources */,
				1AB8FF132189D65C00DF27BF /* Assets.xcassets in Resources */,
				1AB8FF112189D65A00DF27BF /* Main.storyboard in Resources */,
			);
			runOnlyForDeploymentPostprocessing = 0;
		};
		1AB8FF1A2189D65C00DF27BF /* Resources */ = {
			isa = PBXResourcesBuildPhase;
			buildActionMask = 2147483647;
			files = (
			);
			runOnlyForDeploymentPostprocessing = 0;
		};
		1AB8FF252189D65C00DF27BF /* Resources */ = {
			isa = PBXResourcesBuildPhase;
			buildActionMask = 2147483647;
			files = (
			);
			runOnlyForDeploymentPostprocessing = 0;
		};
/* End PBXResourcesBuildPhase section */

/* Begin PBXSourcesBuildPhase section */
		1AB8FF022189D65A00DF27BF /* Sources */ = {
			isa = PBXSourcesBuildPhase;
			buildActionMask = 2147483647;
			files = (
				1AB8FF0E2189D65A00DF27BF /* SecondViewController.swift in Sources */,
				1AB8FF0A2189D65A00DF27BF /* AppDelegate.swift in Sources */,
				1AB8FF0C2189D65A00DF27BF /* FirstViewController.swift in Sources */,
			);
			runOnlyForDeploymentPostprocessing = 0;
		};
		1AB8FF182189D65C00DF27BF /* Sources */ = {
			isa = PBXSourcesBuildPhase;
			buildActionMask = 2147483647;
			files = (
				1AB8FF212189D65C00DF27BF /* ScreendsTests.swift in Sources */,
			);
			runOnlyForDeploymentPostprocessing = 0;
		};
		1AB8FF232189D65C00DF27BF /* Sources */ = {
			isa = PBXSourcesBuildPhase;
			buildActionMask = 2147483647;
			files = (
				1AB8FF2C2189D65C00DF27BF /* ScreendsUITests.swift in Sources */,
			);
			runOnlyForDeploymentPostprocessing = 0;
		};
/* End PBXSourcesBuildPhase section */

/* Begin PBXTargetDependency section */
		1AB8FF1E2189D65C00DF27BF /* PBXTargetDependency */ = {
			isa = PBXTargetDependency;
			target = 1AB8FF052189D65A00DF27BF /* Screends */;
			targetProxy = 1AB8FF1D2189D65C00DF27BF /* PBXContainerItemProxy */;
		};
		1AB8FF292189D65C00DF27BF /* PBXTargetDependency */ = {
			isa = PBXTargetDependency;
			target = 1AB8FF052189D65A00DF27BF /* Screends */;
			targetProxy = 1AB8FF282189D65C00DF27BF /* PBXContainerItemProxy */;
		};
/* End PBXTargetDependency section */

/* Begin PBXVariantGroup section */
		1AB8FF0F2189D65A00DF27BF /* Main.storyboard */ = {
			isa = PBXVariantGroup;
			children = (
				1AB8FF102189D65A00DF27BF /* Base */,
			);
			name = Main.storyboard;
			sourceTree = "<group>";
		};
		1AB8FF142189D65C00DF27BF /* LaunchScreen.storyboard */ = {
			isa = PBXVariantGroup;
			children = (
				1AB8FF152189D65C00DF27BF /* Base */,
			);
			name = LaunchScreen.storyboard;
			sourceTree = "<group>";
		};
/* End PBXVariantGroup section */

/* Begin XCBuildConfiguration section */
		1AB8FF2E2189D65C00DF27BF /* Debug */ = {
			isa = XCBuildConfiguration;
			buildSettings = {
				ALWAYS_SEARCH_USER_PATHS = NO;
				CLANG_ANALYZER_NONNULL = YES;
				CLANG_ANALYZER_NUMBER_OBJECT_CONVERSION = YES_AGGRESSIVE;
				CLANG_CXX_LANGUAGE_STANDARD = "gnu++14";
				CLANG_CXX_LIBRARY = "libc++";
				CLANG_ENABLE_MODULES = YES;
				CLANG_ENABLE_OBJC_ARC = YES;
				CLANG_ENABLE_OBJC_WEAK = YES;
				CLANG_WARN_BLOCK_CAPTURE_AUTORELEASING = YES;
				CLANG_WARN_BOOL_CONVERSION = YES;
				CLANG_WARN_COMMA = YES;
				CLANG_WARN_CONSTANT_CONVERSION = YES;
				CLANG_WARN_DEPRECATED_OBJC_IMPLEMENTATIONS = YES;
				CLANG_WARN_DIRECT_OBJC_ISA_USAGE = YES_ERROR;
				CLANG_WARN_DOCUMENTATION_COMMENTS = YES;
				CLANG_WARN_EMPTY_BODY = YES;
				CLANG_WARN_ENUM_CONVERSION = YES;
				CLANG_WARN_INFINITE_RECURSION = YES;
				CLANG_WARN_INT_CONVERSION = YES;
				CLANG_WARN_NON_LITERAL_NULL_CONVERSION = YES;
				CLANG_WARN_OBJC_IMPLICIT_RETAIN_SELF = YES;
				CLANG_WARN_OBJC_LITERAL_CONVERSION = YES;
				CLANG_WARN_OBJC_ROOT_CLASS = YES_ERROR;
				CLANG_WARN_RANGE_LOOP_ANALYSIS = YES;
				CLANG_WARN_STRICT_PROTOTYPES = YES;
				CLANG_WARN_SUSPICIOUS_MOVE = YES;
				CLANG_WARN_UNGUARDED_AVAILABILITY = YES_AGGRESSIVE;
				CLANG_WARN_UNREACHABLE_CODE = YES;
				CLANG_WARN__DUPLICATE_METHOD_MATCH = YES;
				CODE_SIGN_IDENTITY = "iPhone Developer";
				COPY_PHASE_STRIP = NO;
				DEBUG_INFORMATION_FORMAT = dwarf;
				ENABLE_STRICT_OBJC_MSGSEND = YES;
				ENABLE_TESTABILITY = YES;
				GCC_C_LANGUAGE_STANDARD = gnu11;
				GCC_DYNAMIC_NO_PIC = NO;
				GCC_NO_COMMON_BLOCKS = YES;
				GCC_OPTIMIZATION_LEVEL = 0;
				GCC_PREPROCESSOR_DEFINITIONS = (
					"DEBUG=1",
					"$(inherited)",
				);
				GCC_WARN_64_TO_32_BIT_CONVERSION = YES;
				GCC_WARN_ABOUT_RETURN_TYPE = YES_ERROR;
				GCC_WARN_UNDECLARED_SELECTOR = YES;
				GCC_WARN_UNINITIALIZED_AUTOS = YES_AGGRESSIVE;
				GCC_WARN_UNUSED_FUNCTION = YES;
				GCC_WARN_UNUSED_VARIABLE = YES;
				IPHONEOS_DEPLOYMENT_TARGET = 12.1;
				MTL_ENABLE_DEBUG_INFO = INCLUDE_SOURCE;
				MTL_FAST_MATH = YES;
				ONLY_ACTIVE_ARCH = YES;
				SDKROOT = iphoneos;
				SWIFT_ACTIVE_COMPILATION_CONDITIONS = DEBUG;
				SWIFT_OPTIMIZATION_LEVEL = "-Onone";
			};
			name = Debug;
		};
		1AB8FF2F2189D65C00DF27BF /* Release */ = {
			isa = XCBuildConfiguration;
			buildSettings = {
				ALWAYS_SEARCH_USER_PATHS = NO;
				CLANG_ANALYZER_NONNULL = YES;
				CLANG_ANALYZER_NUMBER_OBJECT_CONVERSION = YES_AGGRESSIVE;
				CLANG_CXX_LANGUAGE_STANDARD = "gnu++14";
				CLANG_CXX_LIBRARY = "libc++";
				CLANG_ENABLE_MODULES = YES;
				CLANG_ENABLE_OBJC_ARC = YES;
				CLANG_ENABLE_OBJC_WEAK = YES;
				CLANG_WARN_BLOCK_CAPTURE_AUTORELEASING = YES;
				CLANG_WARN_BOOL_CONVERSION = YES;
				CLANG_WARN_COMMA = YES;
				CLANG_WARN_CONSTANT_CONVERSION = YES;
				CLANG_WARN_DEPRECATED_OBJC_IMPLEMENTATIONS = YES;
				CLANG_WARN_DIRECT_OBJC_ISA_USAGE = YES_ERROR;
				CLANG_WARN_DOCUMENTATION_COMMENTS = YES;
				CLANG_WARN_EMPTY_BODY = YES;
				CLANG_WARN_ENUM_CONVERSION = YES;
				CLANG_WARN_INFINITE_RECURSION = YES;
				CLANG_WARN_INT_CONVERSION = YES;
				CLANG_WARN_NON_LITERAL_NULL_CONVERSION = YES;
				CLANG_WARN_OBJC_IMPLICIT_RETAIN_SELF = YES;
				CLANG_WARN_OBJC_LITERAL_CONVERSION = YES;
				CLANG_WARN_OBJC_ROOT_CLASS = YES_ERROR;
				CLANG_WARN_RANGE_LOOP_ANALYSIS = YES;
				CLANG_WARN_STRICT_PROTOTYPES = YES;
				CLANG_WARN_SUSPICIOUS_MOVE = YES;
				CLANG_WARN_UNGUARDED_AVAILABILITY = YES_AGGRESSIVE;
				CLANG_WARN_UNREACHABLE_CODE = YES;
				CLANG_WARN__DUPLICATE_METHOD_MATCH = YES;
				CODE_SIGN_IDENTITY = "iPhone Developer";
				COPY_PHASE_STRIP = NO;
				DEBUG_INFORMATION_FORMAT = "dwarf-with-dsym";
				ENABLE_NS_ASSERTIONS = NO;
				ENABLE_STRICT_OBJC_MSGSEND = YES;
				GCC_C_LANGUAGE_STANDARD = gnu11;
				GCC_NO_COMMON_BLOCKS = YES;
				GCC_WARN_64_TO_32_BIT_CONVERSION = YES;
				GCC_WARN_ABOUT_RETURN_TYPE = YES_ERROR;
				GCC_WARN_UNDECLARED_SELECTOR = YES;
				GCC_WARN_UNINITIALIZED_AUTOS = YES_AGGRESSIVE;
				GCC_WARN_UNUSED_FUNCTION = YES;
				GCC_WARN_UNUSED_VARIABLE = YES;
				IPHONEOS_DEPLOYMENT_TARGET = 12.1;
				MTL_ENABLE_DEBUG_INFO = NO;
				MTL_FAST_MATH = YES;
				SDKROOT = iphoneos;
				SWIFT_COMPILATION_MODE = wholemodule;
				SWIFT_OPTIMIZATION_LEVEL = "-O";
				VALIDATE_PRODUCT = YES;
			};
			name = Release;
		};
		1AB8FF312189D65C00DF27BF /* Debug */ = {
			isa = XCBuildConfiguration;
			buildSettings = {
				ASSETCATALOG_COMPILER_APPICON_NAME = AppIcon;
				CODE_SIGN_STYLE = Automatic;
				INFOPLIST_FILE = Screends/Info.plist;
				LD_RUNPATH_SEARCH_PATHS = (
					"$(inherited)",
					"@executable_path/Frameworks",
				);
				PRODUCT_BUNDLE_IDENTIFIER = Main.Screends;
				PRODUCT_NAME = "$(TARGET_NAME)";
				SWIFT_VERSION = 4.2;
				TARGETED_DEVICE_FAMILY = "1,2";
			};
			name = Debug;
		};
		1AB8FF322189D65C00DF27BF /* Release */ = {
			isa = XCBuildConfiguration;
			buildSettings = {
				ASSETCATALOG_COMPILER_APPICON_NAME = AppIcon;
				CODE_SIGN_STYLE = Automatic;
				INFOPLIST_FILE = Screends/Info.plist;
				LD_RUNPATH_SEARCH_PATHS = (
					"$(inherited)",
					"@executable_path/Frameworks",
				);
				PRODUCT_BUNDLE_IDENTIFIER = Main.Screends;
				PRODUCT_NAME = "$(TARGET_NAME)";
				SWIFT_VERSION = 4.2;
				TARGETED_DEVICE_FAMILY = "1,2";
			};
			name = Release;
		};
		1AB8FF342189D65C00DF27BF /* Debug */ = {
			isa = XCBuildConfiguration;
			buildSettings = {
				ALWAYS_EMBED_SWIFT_STANDARD_LIBRARIES = YES;
				BUNDLE_LOADER = "$(TEST_HOST)";
				CODE_SIGN_STYLE = Automatic;
				INFOPLIST_FILE = ScreendsTests/Info.plist;
				LD_RUNPATH_SEARCH_PATHS = (
					"$(inherited)",
					"@executable_path/Frameworks",
					"@loader_path/Frameworks",
				);
				PRODUCT_BUNDLE_IDENTIFIER = Main.ScreendsTests;
				PRODUCT_NAME = "$(TARGET_NAME)";
				SWIFT_VERSION = 4.2;
				TARGETED_DEVICE_FAMILY = "1,2";
				TEST_HOST = "$(BUILT_PRODUCTS_DIR)/Screends.app/Screends";
			};
			name = Debug;
		};
		1AB8FF352189D65C00DF27BF /* Release */ = {
			isa = XCBuildConfiguration;
			buildSettings = {
				ALWAYS_EMBED_SWIFT_STANDARD_LIBRARIES = YES;
				BUNDLE_LOADER = "$(TEST_HOST)";
				CODE_SIGN_STYLE = Automatic;
				INFOPLIST_FILE = ScreendsTests/Info.plist;
				LD_RUNPATH_SEARCH_PATHS = (
					"$(inherited)",
					"@executable_path/Frameworks",
					"@loader_path/Frameworks",
				);
				PRODUCT_BUNDLE_IDENTIFIER = Main.ScreendsTests;
				PRODUCT_NAME = "$(TARGET_NAME)";
				SWIFT_VERSION = 4.2;
				TARGETED_DEVICE_FAMILY = "1,2";
				TEST_HOST = "$(BUILT_PRODUCTS_DIR)/Screends.app/Screends";
			};
			name = Release;
		};
		1AB8FF372189D65C00DF27BF /* Debug */ = {
			isa = XCBuildConfiguration;
			buildSettings = {
				ALWAYS_EMBED_SWIFT_STANDARD_LIBRARIES = YES;
				CODE_SIGN_STYLE = Automatic;
				INFOPLIST_FILE = ScreendsUITests/Info.plist;
				LD_RUNPATH_SEARCH_PATHS = (
					"$(inherited)",
					"@executable_path/Frameworks",
					"@loader_path/Frameworks",
				);
				PRODUCT_BUNDLE_IDENTIFIER = Main.ScreendsUITests;
				PRODUCT_NAME = "$(TARGET_NAME)";
				SWIFT_VERSION = 4.2;
				TARGETED_DEVICE_FAMILY = "1,2";
				TEST_TARGET_NAME = Screends;
			};
			name = Debug;
		};
		1AB8FF382189D65C00DF27BF /* Release */ = {
			isa = XCBuildConfiguration;
			buildSettings = {
				ALWAYS_EMBED_SWIFT_STANDARD_LIBRARIES = YES;
				CODE_SIGN_STYLE = Automatic;
				INFOPLIST_FILE = ScreendsUITests/Info.plist;
				LD_RUNPATH_SEARCH_PATHS = (
					"$(inherited)",
					"@executable_path/Frameworks",
					"@loader_path/Frameworks",
				);
				PRODUCT_BUNDLE_IDENTIFIER = Main.ScreendsUITests;
				PRODUCT_NAME = "$(TARGET_NAME)";
				SWIFT_VERSION = 4.2;
				TARGETED_DEVICE_FAMILY = "1,2";
				TEST_TARGET_NAME = Screends;
			};
			name = Release;
		};
/* End XCBuildConfiguration section */

/* Begin XCConfigurationList section */
		1AB8FF012189D65A00DF27BF /* Build configuration list for PBXProject "Screends" */ = {
			isa = XCConfigurationList;
			buildConfigurations = (
				1AB8FF2E2189D65C00DF27BF /* Debug */,
				1AB8FF2F2189D65C00DF27BF /* Release */,
			);
			defaultConfigurationIsVisible = 0;
			defaultConfigurationName = Release;
		};
		1AB8FF302189D65C00DF27BF /* Build configuration list for PBXNativeTarget "Screends" */ = {
			isa = XCConfigurationList;
			buildConfigurations = (
				1AB8FF312189D65C00DF27BF /* Debug */,
				1AB8FF322189D65C00DF27BF /* Release */,
			);
			defaultConfigurationIsVisible = 0;
			defaultConfigurationName = Release;
		};
		1AB8FF332189D65C00DF27BF /* Build configuration list for PBXNativeTarget "ScreendsTests" */ = {
			isa = XCConfigurationList;
			buildConfigurations = (
				1AB8FF342189D65C00DF27BF /* Debug */,
				1AB8FF352189D65C00DF27BF /* Release */,
			);
			defaultConfigurationIsVisible = 0;
			defaultConfigurationName = Release;
		};
		1AB8FF362189D65C00DF27BF /* Build configuration list for PBXNativeTarget "ScreendsUITests" */ = {
			isa = XCConfigurationList;
			buildConfigurations = (
				1AB8FF372189D65C00DF27BF /* Debug */,
				1AB8FF382189D65C00DF27BF /* Release */,
			);
			defaultConfigurationIsVisible = 0;
			defaultConfigurationName = Release;
		};
/* End XCConfigurationList section */
	};
	rootObject = 1AB8FEFE2189D65A00DF27BF /* Project object */;
}
